
Microsoft Visual Studio Solution File, Format Version 12.00
# Visual Studio Version 17
VisualStudioVersion = 17.3.32901.215
MinimumVisualStudioVersion = 10.0.40219.1
Project("{FAE04EC0-301F-11D3-BF4B-00C04F79EFBC}") = "priority-queue", "priority-queue.csproj", "{FC6252FE-6A28-46A3-9966-CBA1218091DF}"
EndProject
Global
	GlobalSection(SolutionConfigurationPlatforms) = preSolution
		Debug|Any CPU = Debug|Any CPU
		Release|Any CPU = Release|Any CPU
	EndGlobalSection
	GlobalSection(ProjectConfigurationPlatforms) = postSolution
		{FC6252FE-6A28-46A3-9966-CBA1218091DF}.Debug|Any CPU.ActiveCfg = Debug|Any CPU
		{FC6252FE-6A28-46A3-9966-CBA1218091DF}.Debug|Any CPU.Build.0 = Debug|Any CPU
		{FC6252FE-6A28-46A3-9966-CBA1218091DF}.Release|Any CPU.ActiveCfg = Release|Any CPU
		{FC6252FE-6A28-46A3-9966-CBA1218091DF}.Release|Any CPU.Build.0 = Release|Any CPU
	EndGlobalSection
	GlobalSection(SolutionProperties) = preSolution
		HideSolutionNode = FALSE
	EndGlobalSection
	GlobalSection(ExtensibilityGlobals) = postSolution
		SolutionGuid = {A60444CE-4424-4B16-96F9-44EC8F895F7A}
	EndGlobalSection
EndGlobal
